
Microsoft Visual Studio Solution File, Format Version 12.00
# Visual Studio Version 16
VisualStudioVersion = 16.0.30011.22
MinimumVisualStudioVersion = 10.0.40219.1
Project("{FAE04EC0-301F-11D3-BF4B-00C04F79EFBC}") = "CurrencyConverter", "CurrencyConverter\CurrencyConverter.csproj", "{A3CF8D53-B9BC-46FB-84E2-D3F6C3943BA1}"
EndProject
Global
	GlobalSection(SolutionConfigurationPlatforms) = preSolution
		Debug|Any CPU = Debug|Any CPU
		Release|Any CPU = Release|Any CPU
	EndGlobalSection
	GlobalSection(ProjectConfigurationPlatforms) = postSolution
		{A3CF8D53-B9BC-46FB-84E2-D3F6C3943BA1}.Debug|Any CPU.ActiveCfg = Debug|Any CPU
		{A3CF8D53-B9BC-46FB-84E2-D3F6C3943BA1}.Debug|Any CPU.Build.0 = Debug|Any CPU
		{A3CF8D53-B9BC-46FB-84E2-D3F6C3943BA1}.Release|Any CPU.ActiveCfg = Release|Any CPU
		{A3CF8D53-B9BC-46FB-84E2-D3F6C3943BA1}.Release|Any CPU.Build.0 = Release|Any CPU
	EndGlobalSection
	GlobalSection(SolutionProperties) = preSolution
		HideSolutionNode = FALSE
	EndGlobalSection
	GlobalSection(ExtensibilityGlobals) = postSolution
		SolutionGuid = {2F50D5BE-4D1E-4BEE-BCAA-493B06FD848F}
	EndGlobalSection
EndGlobal
